
Microsoft Visual Studio Solution File, Format Version 12.00
# Visual Studio Version 16
VisualStudioVersion = 16.0.29519.87
MinimumVisualStudioVersion = 10.0.40219.1
Project("{2150E333-8FDC-42A3-9474-1A3956D46DE8}") = "NewFolder1", "NewFolder1", "{10BB39B9-DC14-4BF4-9B74-ED68F2F955D1}"
EndProject
Project("{F2A71F9B-5D33-465A-A702-920D77279786}") = "Db", "src\Db\Db.fsproj", "{E00DC810-E1F0-4F5E-A0EF-9A148F3B4A34}"
EndProject
Global
	GlobalSection(SolutionConfigurationPlatforms) = preSolution
		Debug|Any CPU = Debug|Any CPU
		Release|Any CPU = Release|Any CPU
	EndGlobalSection
	GlobalSection(ProjectConfigurationPlatforms) = postSolution
		{E00DC810-E1F0-4F5E-A0EF-9A148F3B4A34}.Debug|Any CPU.ActiveCfg = Debug|Any CPU
		{E00DC810-E1F0-4F5E-A0EF-9A148F3B4A34}.Debug|Any CPU.Build.0 = Debug|Any CPU
		{E00DC810-E1F0-4F5E-A0EF-9A148F3B4A34}.Release|Any CPU.ActiveCfg = Release|Any CPU
		{E00DC810-E1F0-4F5E-A0EF-9A148F3B4A34}.Release|Any CPU.Build.0 = Release|Any CPU
	EndGlobalSection
	GlobalSection(SolutionProperties) = preSolution
		HideSolutionNode = FALSE
	EndGlobalSection
	GlobalSection(NestedProjects) = preSolution
		{E00DC810-E1F0-4F5E-A0EF-9A148F3B4A34} = {10BB39B9-DC14-4BF4-9B74-ED68F2F955D1}
	EndGlobalSection
	GlobalSection(ExtensibilityGlobals) = postSolution
		SolutionGuid = {7F21C9BD-4CDC-404B-B560-2B9DCB065805}
	EndGlobalSection
EndGlobal
